
Microsoft Visual Studio Solution File, Format Version 12.00
# Visual Studio Version 16
VisualStudioVersion = 16.0.31105.61
MinimumVisualStudioVersion = 10.0.40219.1
Project("{FAE04EC0-301F-11D3-BF4B-00C04F79EFBC}") = "Autocrafter.RecipeParser", "AncientTechnology.CraftingAutomaton.RecipeGenerator\AncientTechnology.CraftingAutomaton.RecipeGenerator.csproj", "{F6CB4881-1514-4801-B3E6-4F754DA5F2E6}"
EndProject
Global
	GlobalSection(SolutionConfigurationPlatforms) = preSolution
		Debug|Any CPU = Debug|Any CPU
		Release|Any CPU = Release|Any CPU
	EndGlobalSection
	GlobalSection(ProjectConfigurationPlatforms) = postSolution
		{F6CB4881-1514-4801-B3E6-4F754DA5F2E6}.Debug|Any CPU.ActiveCfg = Debug|Any CPU
		{F6CB4881-1514-4801-B3E6-4F754DA5F2E6}.Debug|Any CPU.Build.0 = Debug|Any CPU
		{F6CB4881-1514-4801-B3E6-4F754DA5F2E6}.Release|Any CPU.ActiveCfg = Release|Any CPU
		{F6CB4881-1514-4801-B3E6-4F754DA5F2E6}.Release|Any CPU.Build.0 = Release|Any CPU
	EndGlobalSection
	GlobalSection(SolutionProperties) = preSolution
		HideSolutionNode = FALSE
	EndGlobalSection
	GlobalSection(ExtensibilityGlobals) = postSolution
		SolutionGuid = {80D074EC-2D4C-4926-A3D1-2A6346D40BF3}
	EndGlobalSection
EndGlobal
